
Microsoft Visual Studio Solution File, Format Version 12.00
# Visual Studio Version 17
VisualStudioVersion = 17.14.37314.3 d17.14
MinimumVisualStudioVersion = 10.0.40219.1
Project("{FAE04EC0-301F-11D3-BF4B-00C04F79EFBC}") = "MCOC_AWmanager_Site", "MCOC_AWmanager_Site\MCOC_AWmanager_Site.csproj", "{F0F0E992-54DC-45DD-A11B-FF6562C82240}"
EndProject
Global
	GlobalSection(SolutionConfigurationPlatforms) = preSolution
		Debug|Any CPU = Debug|Any CPU
		Release|Any CPU = Release|Any CPU
	EndGlobalSection
	GlobalSection(ProjectConfigurationPlatforms) = postSolution
		{F0F0E992-54DC-45DD-A11B-FF6562C82240}.Debug|Any CPU.ActiveCfg = Debug|Any CPU
		{F0F0E992-54DC-45DD-A11B-FF6562C82240}.Debug|Any CPU.Build.0 = Debug|Any CPU
		{F0F0E992-54DC-45DD-A11B-FF6562C82240}.Release|Any CPU.ActiveCfg = Release|Any CPU
		{F0F0E992-54DC-45DD-A11B-FF6562C82240}.Release|Any CPU.Build.0 = Release|Any CPU
	EndGlobalSection
	GlobalSection(SolutionProperties) = preSolution
		HideSolutionNode = FALSE
	EndGlobalSection
	GlobalSection(ExtensibilityGlobals) = postSolution
		SolutionGuid = {76243901-6B0F-4BEF-8094-7E5ED23160A4}
	EndGlobalSection
EndGlobal
