
Microsoft Visual Studio Solution File, Format Version 12.00
# Visual Studio Version 17
VisualStudioVersion = 17.14.37314.3
MinimumVisualStudioVersion = 10.0.40219.1
Project("{FAE04EC0-301F-11D3-BF4B-00C04F79EFBC}") = "Blazor", "Blazor\Blazor.csproj", "{D57D97BA-B794-4988-ACB9-78FD655995B5}"
EndProject
Project("{FAE04EC0-301F-11D3-BF4B-00C04F79EFBC}") = "TODOList", "TODOList\TODOList.csproj", "{867197E1-1811-4B41-B0EC-42F53D1C78E9}"
EndProject
Project("{FAE04EC0-301F-11D3-BF4B-00C04F79EFBC}") = "Movies", "Movies\Movies.csproj", "{16E61754-3C49-431E-A973-36E678ABAA26}"
EndProject
Global
	GlobalSection(SolutionConfigurationPlatforms) = preSolution
		Debug|Any CPU = Debug|Any CPU
		Release|Any CPU = Release|Any CPU
	EndGlobalSection
	GlobalSection(ProjectConfigurationPlatforms) = postSolution
		{D57D97BA-B794-4988-ACB9-78FD655995B5}.Debug|Any CPU.ActiveCfg = Debug|Any CPU
		{D57D97BA-B794-4988-ACB9-78FD655995B5}.Debug|Any CPU.Build.0 = Debug|Any CPU
		{D57D97BA-B794-4988-ACB9-78FD655995B5}.Release|Any CPU.ActiveCfg = Release|Any CPU
		{D57D97BA-B794-4988-ACB9-78FD655995B5}.Release|Any CPU.Build.0 = Release|Any CPU
		{867197E1-1811-4B41-B0EC-42F53D1C78E9}.Debug|Any CPU.ActiveCfg = Debug|Any CPU
		{867197E1-1811-4B41-B0EC-42F53D1C78E9}.Debug|Any CPU.Build.0 = Debug|Any CPU
		{867197E1-1811-4B41-B0EC-42F53D1C78E9}.Release|Any CPU.ActiveCfg = Release|Any CPU
		{867197E1-1811-4B41-B0EC-42F53D1C78E9}.Release|Any CPU.Build.0 = Release|Any CPU
		{16E61754-3C49-431E-A973-36E678ABAA26}.Debug|Any CPU.ActiveCfg = Debug|Any CPU
		{16E61754-3C49-431E-A973-36E678ABAA26}.Debug|Any CPU.Build.0 = Debug|Any CPU
		{16E61754-3C49-431E-A973-36E678ABAA26}.Release|Any CPU.ActiveCfg = Release|Any CPU
		{16E61754-3C49-431E-A973-36E678ABAA26}.Release|Any CPU.Build.0 = Release|Any CPU
	EndGlobalSection
	GlobalSection(SolutionProperties) = preSolution
		HideSolutionNode = FALSE
	EndGlobalSection
	GlobalSection(ExtensibilityGlobals) = postSolution
		SolutionGuid = {24802368-6082-486A-8116-A3F45E35FABA}
	EndGlobalSection
EndGlobal
